
Microsoft Visual Studio Solution File, Format Version 12.00
# Visual Studio Version 16
VisualStudioVersion = 16.0.30907.101
MinimumVisualStudioVersion = 10.0.40219.1
Project("{FAE04EC0-301F-11D3-BF4B-00C04F79EFBC}") = "Route_256", "Route_256.csproj", "{7D53B19E-2C8B-4C6C-AE70-FD3E1EF9C7C3}"
EndProject
Project("{FAE04EC0-301F-11D3-BF4B-00C04F79EFBC}") = "D. Wordle", "..\D. Wordle\D. Wordle.csproj", "{0F177800-C9F6-4078-A5F7-130816D31D28}"
EndProject
Project("{FAE04EC0-301F-11D3-BF4B-00C04F79EFBC}") = "Двумерная игра", "..\Двумерная игра\Двумерная игра.csproj", "{097AA346-FB9A-4B63-AAD5-4DB7199280E3}"
EndProject
Project("{FAE04EC0-301F-11D3-BF4B-00C04F79EFBC}") = "Дельта-кодирование", "..\Дельта-кодирование\Дельта-кодирование.csproj", "{F14CABB6-23C6-4FCC-92A5-E331D1BFA95C}"
EndProject
Project("{FAE04EC0-301F-11D3-BF4B-00C04F79EFBC}") = "Крестики-нолики", "..\Крестики-нолики\Крестики-нолики.csproj", "{7CB8DBA3-B4DA-4CFE-96F5-B07D83980D56}"
EndProject
Project("{FAE04EC0-301F-11D3-BF4B-00C04F79EFBC}") = "Многопоточный сервер", "..\Многопоточный сервер\Многопоточный сервер.csproj", "{E7B62023-FECD-4D04-97ED-41B6A5F32E4C}"
EndProject
Project("{FAE04EC0-301F-11D3-BF4B-00C04F79EFBC}") = "Однопоточный сервер", "..\Однопоточный сервер\Однопоточный сервер.csproj", "{94F06B0F-5465-47A8-9266-E05380AC9C40}"
EndProject
Project("{FAE04EC0-301F-11D3-BF4B-00C04F79EFBC}") = "Электронная таблица", "..\Электронная таблица\Электронная таблица.csproj", "{CB13D878-99EB-4820-B4ED-842DAE9BA05B}"
EndProject
Project("{FAE04EC0-301F-11D3-BF4B-00C04F79EFBC}") = "Пазл F", "..\Пазл F\Пазл F.csproj", "{EB2590AD-9A1D-42FF-98E7-EF1E86A99076}"
EndProject
Project("{FAE04EC0-301F-11D3-BF4B-00C04F79EFBC}") = "Сумма к оплате", "..\Сумма к оплате\Сумма к оплате.csproj", "{3ADF922E-1D79-4562-91CE-3DD4C589D312}"
EndProject
Project("{FAE04EC0-301F-11D3-BF4B-00C04F79EFBC}") = "Адресная книга", "..\Адресная книга\Адресная книга.csproj", "{03B45556-0516-4217-A68A-2CB6A86FE17E}"
EndProject
Project("{FAE04EC0-301F-11D3-BF4B-00C04F79EFBC}") = "А. Оптимальный путь", "..\А. Оптимальный путь\А. Оптимальный путь.csproj", "{929B8574-A336-4DBF-B2B7-FFEB30261BC4}"
EndProject
Project("{FAE04EC0-301F-11D3-BF4B-00C04F79EFBC}") = "B. Палиндромные числа", "..\B. Палиндромные числа\B. Палиндромные числа.csproj", "{BCCCBA54-D0B8-414D-AE55-EB74C1D6C1AB}"
EndProject
Project("{FAE04EC0-301F-11D3-BF4B-00C04F79EFBC}") = "D. Подсистема регистрации", "..\D. Подсистема регистрации\D. Подсистема регистрации.csproj", "{0CFA66CC-0012-4ADF-B70E-CA9BF48DC538}"
EndProject
Global
	GlobalSection(SolutionConfigurationPlatforms) = preSolution
		Debug|Any CPU = Debug|Any CPU
		Release|Any CPU = Release|Any CPU
	EndGlobalSection
	GlobalSection(ProjectConfigurationPlatforms) = postSolution
		{7D53B19E-2C8B-4C6C-AE70-FD3E1EF9C7C3}.Debug|Any CPU.ActiveCfg = Debug|Any CPU
		{7D53B19E-2C8B-4C6C-AE70-FD3E1EF9C7C3}.Debug|Any CPU.Build.0 = Debug|Any CPU
		{7D53B19E-2C8B-4C6C-AE70-FD3E1EF9C7C3}.Release|Any CPU.ActiveCfg = Release|Any CPU
		{7D53B19E-2C8B-4C6C-AE70-FD3E1EF9C7C3}.Release|Any CPU.Build.0 = Release|Any CPU
		{0F177800-C9F6-4078-A5F7-130816D31D28}.Debug|Any CPU.ActiveCfg = Debug|Any CPU
		{0F177800-C9F6-4078-A5F7-130816D31D28}.Debug|Any CPU.Build.0 = Debug|Any CPU
		{0F177800-C9F6-4078-A5F7-130816D31D28}.Release|Any CPU.ActiveCfg = Release|Any CPU
		{0F177800-C9F6-4078-A5F7-130816D31D28}.Release|Any CPU.Build.0 = Release|Any CPU
		{097AA346-FB9A-4B63-AAD5-4DB7199280E3}.Debug|Any CPU.ActiveCfg = Debug|Any CPU
		{097AA346-FB9A-4B63-AAD5-4DB7199280E3}.Debug|Any CPU.Build.0 = Debug|Any CPU
		{097AA346-FB9A-4B63-AAD5-4DB7199280E3}.Release|Any CPU.ActiveCfg = Release|Any CPU
		{097AA346-FB9A-4B63-AAD5-4DB7199280E3}.Release|Any CPU.Build.0 = Release|Any CPU
		{F14CABB6-23C6-4FCC-92A5-E331D1BFA95C}.Debug|Any CPU.ActiveCfg = Debug|Any CPU
		{F14CABB6-23C6-4FCC-92A5-E331D1BFA95C}.Debug|Any CPU.Build.0 = Debug|Any CPU
		{F14CABB6-23C6-4FCC-92A5-E331D1BFA95C}.Release|Any CPU.ActiveCfg = Release|Any CPU
		{F14CABB6-23C6-4FCC-92A5-E331D1BFA95C}.Release|Any CPU.Build.0 = Release|Any CPU
		{7CB8DBA3-B4DA-4CFE-96F5-B07D83980D56}.Debug|Any CPU.ActiveCfg = Debug|Any CPU
		{7CB8DBA3-B4DA-4CFE-96F5-B07D83980D56}.Debug|Any CPU.Build.0 = Debug|Any CPU
		{7CB8DBA3-B4DA-4CFE-96F5-B07D83980D56}.Release|Any CPU.ActiveCfg = Release|Any CPU
		{7CB8DBA3-B4DA-4CFE-96F5-B07D83980D56}.Release|Any CPU.Build.0 = Release|Any CPU
		{E7B62023-FECD-4D04-97ED-41B6A5F32E4C}.Debug|Any CPU.ActiveCfg = Debug|Any CPU
		{E7B62023-FECD-4D04-97ED-41B6A5F32E4C}.Debug|Any CPU.Build.0 = Debug|Any CPU
		{E7B62023-FECD-4D04-97ED-41B6A5F32E4C}.Release|Any CPU.ActiveCfg = Release|Any CPU
		{E7B62023-FECD-4D04-97ED-41B6A5F32E4C}.Release|Any CPU.Build.0 = Release|Any CPU
		{94F06B0F-5465-47A8-9266-E05380AC9C40}.Debug|Any CPU.ActiveCfg = Debug|Any CPU
		{94F06B0F-5465-47A8-9266-E05380AC9C40}.Debug|Any CPU.Build.0 = Debug|Any CPU
		{94F06B0F-5465-47A8-9266-E05380AC9C40}.Release|Any CPU.ActiveCfg = Release|Any CPU
		{94F06B0F-5465-47A8-9266-E05380AC9C40}.Release|Any CPU.Build.0 = Release|Any CPU
		{CB13D878-99EB-4820-B4ED-842DAE9BA05B}.Debug|Any CPU.ActiveCfg = Debug|Any CPU
		{CB13D878-99EB-4820-B4ED-842DAE9BA05B}.Debug|Any CPU.Build.0 = Debug|Any CPU
		{CB13D878-99EB-4820-B4ED-842DAE9BA05B}.Release|Any CPU.ActiveCfg = Release|Any CPU
		{CB13D878-99EB-4820-B4ED-842DAE9BA05B}.Release|Any CPU.Build.0 = Release|Any CPU
		{EB2590AD-9A1D-42FF-98E7-EF1E86A99076}.Debug|Any CPU.ActiveCfg = Debug|Any CPU
		{EB2590AD-9A1D-42FF-98E7-EF1E86A99076}.Debug|Any CPU.Build.0 = Debug|Any CPU
		{EB2590AD-9A1D-42FF-98E7-EF1E86A99076}.Release|Any CPU.ActiveCfg = Release|Any CPU
		{EB2590AD-9A1D-42FF-98E7-EF1E86A99076}.Release|Any CPU.Build.0 = Release|Any CPU
		{3ADF922E-1D79-4562-91CE-3DD4C589D312}.Debug|Any CPU.ActiveCfg = Debug|Any CPU
		{3ADF922E-1D79-4562-91CE-3DD4C589D312}.Debug|Any CPU.Build.0 = Debug|Any CPU
		{3ADF922E-1D79-4562-91CE-3DD4C589D312}.Release|Any CPU.ActiveCfg = Release|Any CPU
		{3ADF922E-1D79-4562-91CE-3DD4C589D312}.Release|Any CPU.Build.0 = Release|Any CPU
		{03B45556-0516-4217-A68A-2CB6A86FE17E}.Debug|Any CPU.ActiveCfg = Debug|Any CPU
		{03B45556-0516-4217-A68A-2CB6A86FE17E}.Debug|Any CPU.Build.0 = Debug|Any CPU
		{03B45556-0516-4217-A68A-2CB6A86FE17E}.Release|Any CPU.ActiveCfg = Release|Any CPU
		{03B45556-0516-4217-A68A-2CB6A86FE17E}.Release|Any CPU.Build.0 = Release|Any CPU
		{929B8574-A336-4DBF-B2B7-FFEB30261BC4}.Debug|Any CPU.ActiveCfg = Debug|Any CPU
		{929B8574-A336-4DBF-B2B7-FFEB30261BC4}.Debug|Any CPU.Build.0 = Debug|Any CPU
		{929B8574-A336-4DBF-B2B7-FFEB30261BC4}.Release|Any CPU.ActiveCfg = Release|Any CPU
		{929B8574-A336-4DBF-B2B7-FFEB30261BC4}.Release|Any CPU.Build.0 = Release|Any CPU
		{BCCCBA54-D0B8-414D-AE55-EB74C1D6C1AB}.Debug|Any CPU.ActiveCfg = Debug|Any CPU
		{BCCCBA54-D0B8-414D-AE55-EB74C1D6C1AB}.Debug|Any CPU.Build.0 = Debug|Any CPU
		{BCCCBA54-D0B8-414D-AE55-EB74C1D6C1AB}.Release|Any CPU.ActiveCfg = Release|Any CPU
		{BCCCBA54-D0B8-414D-AE55-EB74C1D6C1AB}.Release|Any CPU.Build.0 = Release|Any CPU
		{0CFA66CC-0012-4ADF-B70E-CA9BF48DC538}.Debug|Any CPU.ActiveCfg = Debug|Any CPU
		{0CFA66CC-0012-4ADF-B70E-CA9BF48DC538}.Debug|Any CPU.Build.0 = Debug|Any CPU
		{0CFA66CC-0012-4ADF-B70E-CA9BF48DC538}.Release|Any CPU.ActiveCfg = Release|Any CPU
		{0CFA66CC-0012-4ADF-B70E-CA9BF48DC538}.Release|Any CPU.Build.0 = Release|Any CPU
	EndGlobalSection
	GlobalSection(SolutionProperties) = preSolution
		HideSolutionNode = FALSE
	EndGlobalSection
	GlobalSection(ExtensibilityGlobals) = postSolution
		SolutionGuid = {B303B23F-BB25-423F-937F-C6E6848007D2}
	EndGlobalSection
EndGlobal
