
Microsoft Visual Studio Solution File, Format Version 12.00
# Visual Studio Version 16
VisualStudioVersion = 16.0.30907.101
MinimumVisualStudioVersion = 10.0.40219.1
Project("{FAE04EC0-301F-11D3-BF4B-00C04F79EFBC}") = "Route_256", "Route_256.csproj", "{7D53B19E-2C8B-4C6C-AE70-FD3E1EF9C7C3}"
EndProject
Global
	GlobalSection(SolutionConfigurationPlatforms) = preSolution
		Debug|Any CPU = Debug|Any CPU
		Release|Any CPU = Release|Any CPU
	EndGlobalSection
	GlobalSection(ProjectConfigurationPlatforms) = postSolution
		{7D53B19E-2C8B-4C6C-AE70-FD3E1EF9C7C3}.Debug|Any CPU.ActiveCfg = Debug|Any CPU
		{7D53B19E-2C8B-4C6C-AE70-FD3E1EF9C7C3}.Debug|Any CPU.Build.0 = Debug|Any CPU
		{7D53B19E-2C8B-4C6C-AE70-FD3E1EF9C7C3}.Release|Any CPU.ActiveCfg = Release|Any CPU
		{7D53B19E-2C8B-4C6C-AE70-FD3E1EF9C7C3}.Release|Any CPU.Build.0 = Release|Any CPU
	EndGlobalSection
	GlobalSection(SolutionProperties) = preSolution
		HideSolutionNode = FALSE
	EndGlobalSection
	GlobalSection(ExtensibilityGlobals) = postSolution
		SolutionGuid = {B303B23F-BB25-423F-937F-C6E6848007D2}
	EndGlobalSection
EndGlobal
