
Microsoft Visual Studio Solution File, Format Version 12.00
# Visual Studio Version 16
VisualStudioVersion = 16.0.30907.101
MinimumVisualStudioVersion = 10.0.40219.1
Project("{FAE04EC0-301F-11D3-BF4B-00C04F79EFBC}") = "Route_256", "Route_256.csproj", "{7D53B19E-2C8B-4C6C-AE70-FD3E1EF9C7C3}"
EndProject
Project("{FAE04EC0-301F-11D3-BF4B-00C04F79EFBC}") = "D. Wordle", "..\D. Wordle\D. Wordle.csproj", "{0F177800-C9F6-4078-A5F7-130816D31D28}"
EndProject
Project("{FAE04EC0-301F-11D3-BF4B-00C04F79EFBC}") = "Двумерная игра", "..\Двумерная игра\Двумерная игра.csproj", "{097AA346-FB9A-4B63-AAD5-4DB7199280E3}"
EndProject
Project("{FAE04EC0-301F-11D3-BF4B-00C04F79EFBC}") = "Дельта-кодирование", "..\Дельта-кодирование\Дельта-кодирование.csproj", "{F14CABB6-23C6-4FCC-92A5-E331D1BFA95C}"
EndProject
Project("{FAE04EC0-301F-11D3-BF4B-00C04F79EFBC}") = "Крестики-нолики", "..\Крестики-нолики\Крестики-нолики.csproj", "{7CB8DBA3-B4DA-4CFE-96F5-B07D83980D56}"
EndProject
Project("{FAE04EC0-301F-11D3-BF4B-00C04F79EFBC}") = "Многопоточный сервер", "..\Многопоточный сервер\Многопоточный сервер.csproj", "{E7B62023-FECD-4D04-97ED-41B6A5F32E4C}"
EndProject
Project("{FAE04EC0-301F-11D3-BF4B-00C04F79EFBC}") = "Однопоточный сервер", "..\Однопоточный сервер\Однопоточный сервер.csproj", "{94F06B0F-5465-47A8-9266-E05380AC9C40}"
EndProject
Project("{FAE04EC0-301F-11D3-BF4B-00C04F79EFBC}") = "Электронная таблица", "..\Электронная таблица\Электронная таблица.csproj", "{CB13D878-99EB-4820-B4ED-842DAE9BA05B}"
EndProject
Project("{FAE04EC0-301F-11D3-BF4B-00C04F79EFBC}") = "Пазл F", "..\Пазл F\Пазл F.csproj", "{EB2590AD-9A1D-42FF-98E7-EF1E86A99076}"
EndProject
Project("{FAE04EC0-301F-11D3-BF4B-00C04F79EFBC}") = "Сумма к оплате", "..\Сумма к оплате\Сумма к оплате.csproj", "{3ADF922E-1D79-4562-91CE-3DD4C589D312}"
EndProject
Project("{FAE04EC0-301F-11D3-BF4B-00C04F79EFBC}") = "Адресная книга", "..\Адресная книга\Адресная книга.csproj", "{03B45556-0516-4217-A68A-2CB6A86FE17E}"
EndProject
Project("{FAE04EC0-301F-11D3-BF4B-00C04F79EFBC}") = "А. Оптимальный путь", "..\А. Оптимальный путь\А. Оптимальный путь.csproj", "{929B8574-A336-4DBF-B2B7-FFEB30261BC4}"
EndProject
Project("{FAE04EC0-301F-11D3-BF4B-00C04F79EFBC}") = "B. Палиндромные числа", "..\B. Палиндромные числа\B. Палиндромные числа.csproj", "{BCCCBA54-D0B8-414D-AE55-EB74C1D6C1AB}"
EndProject
Project("{FAE04EC0-301F-11D3-BF4B-00C04F79EFBC}") = "D. Подсистема регистрации", "..\D. Подсистема регистрации\D. Подсистема регистрации.csproj", "{0CFA66CC-0012-4ADF-B70E-CA9BF48DC538}"
EndProject
Project("{FAE04EC0-301F-11D3-BF4B-00C04F79EFBC}") = "E. Адресная книга 2", "..\E. Адресная книга 2\E. Адресная книга 2.csproj", "{16B24716-225F-4A94-B045-E7EA1C4F3970}"
EndProject
Project("{FAE04EC0-301F-11D3-BF4B-00C04F79EFBC}") = "Электронная таблица 2", "..\Электронная таблица 2\Электронная таблица 2.csproj", "{E3C8E522-BEBA-4C8A-BB39-7105B17388FD}"
EndProject
Project("{FAE04EC0-301F-11D3-BF4B-00C04F79EFBC}") = "А. Сумма к оплате 2", "..\А. Сумма к оплате 2\А. Сумма к оплате 2.csproj", "{1960AFC9-6E1F-4BF5-8DC6-04A538BBC3C1}"
EndProject
Project("{FAE04EC0-301F-11D3-BF4B-00C04F79EFBC}") = "D. Подсистема регистрации 2", "..\D. Подсистема регистрации 2\D. Подсистема регистрации 2.csproj", "{59C457EF-8C25-4597-B3BF-67EE4A44B640}"
EndProject
Project("{FAE04EC0-301F-11D3-BF4B-00C04F79EFBC}") = "G. Многомодульный проект 2", "..\G. Многомодульный проект 2\G. Многомодульный проект 2.csproj", "{94E5A51C-DFBE-425D-9C71-CB2DA82385E0}"
EndProject
Project("{FAE04EC0-301F-11D3-BF4B-00C04F79EFBC}") = "D. Система продажи билетов на поезда", "..\D. Система продажи билетов на поезда\D. Система продажи билетов на поезда.csproj", "{FAE5A250-6C2E-472B-BADD-EA0A33D92F10}"
EndProject
Project("{FAE04EC0-301F-11D3-BF4B-00C04F79EFBC}") = "H. Г-образный моской бой", "..\H. Г-образный моской бой\H. Г-образный моской бой.csproj", "{B8F38634-C745-4255-9761-DD80B03FDEBD}"
EndProject
Project("{FAE04EC0-301F-11D3-BF4B-00C04F79EFBC}") = "B. Парное программирование", "..\B. Парное программирование\B. Парное программирование.csproj", "{A0B57E68-7131-4395-862F-5C44D6C6C0CE}"
EndProject
Project("{FAE04EC0-301F-11D3-BF4B-00C04F79EFBC}") = "D. Подсказчик паролей", "..\D. Подсказчик паролей\D. Подсказчик паролей.csproj", "{0931ACA9-EEC3-48C3-AC97-F6D18F13CF60}"
EndProject
Project("{FAE04EC0-301F-11D3-BF4B-00C04F79EFBC}") = "E. Отчет", "..\E. Отчет\E. Отчет.csproj", "{0E99BBAA-2EC8-4C55-9737-6A77C6B7AF87}"
EndProject
Project("{FAE04EC0-301F-11D3-BF4B-00C04F79EFBC}") = "F. Отрезки времени", "..\F. Отрезки времени\F. Отрезки времени.csproj", "{B905C67E-7AF7-4346-9F0D-C3024F3EBB0C}"
EndProject
Project("{FAE04EC0-301F-11D3-BF4B-00C04F79EFBC}") = "C. Оповещения", "..\C. Оповещения\C. Оповещения.csproj", "{894BA386-7DBB-480A-8329-C15809925C7D}"
EndProject
Project("{FAE04EC0-301F-11D3-BF4B-00C04F79EFBC}") = "H. Валидация карты", "..\H. Валидация карты\H. Валидация карты.csproj", "{BFE29067-F997-47F1-8BC9-E8A4936C6D06}"
EndProject
Global
	GlobalSection(SolutionConfigurationPlatforms) = preSolution
		Debug|Any CPU = Debug|Any CPU
		Release|Any CPU = Release|Any CPU
	EndGlobalSection
	GlobalSection(ProjectConfigurationPlatforms) = postSolution
		{7D53B19E-2C8B-4C6C-AE70-FD3E1EF9C7C3}.Debug|Any CPU.ActiveCfg = Debug|Any CPU
		{7D53B19E-2C8B-4C6C-AE70-FD3E1EF9C7C3}.Debug|Any CPU.Build.0 = Debug|Any CPU
		{7D53B19E-2C8B-4C6C-AE70-FD3E1EF9C7C3}.Release|Any CPU.ActiveCfg = Release|Any CPU
		{7D53B19E-2C8B-4C6C-AE70-FD3E1EF9C7C3}.Release|Any CPU.Build.0 = Release|Any CPU
		{0F177800-C9F6-4078-A5F7-130816D31D28}.Debug|Any CPU.ActiveCfg = Debug|Any CPU
		{0F177800-C9F6-4078-A5F7-130816D31D28}.Debug|Any CPU.Build.0 = Debug|Any CPU
		{0F177800-C9F6-4078-A5F7-130816D31D28}.Release|Any CPU.ActiveCfg = Release|Any CPU
		{0F177800-C9F6-4078-A5F7-130816D31D28}.Release|Any CPU.Build.0 = Release|Any CPU
		{097AA346-FB9A-4B63-AAD5-4DB7199280E3}.Debug|Any CPU.ActiveCfg = Debug|Any CPU
		{097AA346-FB9A-4B63-AAD5-4DB7199280E3}.Debug|Any CPU.Build.0 = Debug|Any CPU
		{097AA346-FB9A-4B63-AAD5-4DB7199280E3}.Release|Any CPU.ActiveCfg = Release|Any CPU
		{097AA346-FB9A-4B63-AAD5-4DB7199280E3}.Release|Any CPU.Build.0 = Release|Any CPU
		{F14CABB6-23C6-4FCC-92A5-E331D1BFA95C}.Debug|Any CPU.ActiveCfg = Debug|Any CPU
		{F14CABB6-23C6-4FCC-92A5-E331D1BFA95C}.Debug|Any CPU.Build.0 = Debug|Any CPU
		{F14CABB6-23C6-4FCC-92A5-E331D1BFA95C}.Release|Any CPU.ActiveCfg = Release|Any CPU
		{F14CABB6-23C6-4FCC-92A5-E331D1BFA95C}.Release|Any CPU.Build.0 = Release|Any CPU
		{7CB8DBA3-B4DA-4CFE-96F5-B07D83980D56}.Debug|Any CPU.ActiveCfg = Debug|Any CPU
		{7CB8DBA3-B4DA-4CFE-96F5-B07D83980D56}.Debug|Any CPU.Build.0 = Debug|Any CPU
		{7CB8DBA3-B4DA-4CFE-96F5-B07D83980D56}.Release|Any CPU.ActiveCfg = Release|Any CPU
		{7CB8DBA3-B4DA-4CFE-96F5-B07D83980D56}.Release|Any CPU.Build.0 = Release|Any CPU
		{E7B62023-FECD-4D04-97ED-41B6A5F32E4C}.Debug|Any CPU.ActiveCfg = Debug|Any CPU
		{E7B62023-FECD-4D04-97ED-41B6A5F32E4C}.Debug|Any CPU.Build.0 = Debug|Any CPU
		{E7B62023-FECD-4D04-97ED-41B6A5F32E4C}.Release|Any CPU.ActiveCfg = Release|Any CPU
		{E7B62023-FECD-4D04-97ED-41B6A5F32E4C}.Release|Any CPU.Build.0 = Release|Any CPU
		{94F06B0F-5465-47A8-9266-E05380AC9C40}.Debug|Any CPU.ActiveCfg = Debug|Any CPU
		{94F06B0F-5465-47A8-9266-E05380AC9C40}.Debug|Any CPU.Build.0 = Debug|Any CPU
		{94F06B0F-5465-47A8-9266-E05380AC9C40}.Release|Any CPU.ActiveCfg = Release|Any CPU
		{94F06B0F-5465-47A8-9266-E05380AC9C40}.Release|Any CPU.Build.0 = Release|Any CPU
		{CB13D878-99EB-4820-B4ED-842DAE9BA05B}.Debug|Any CPU.ActiveCfg = Debug|Any CPU
		{CB13D878-99EB-4820-B4ED-842DAE9BA05B}.Debug|Any CPU.Build.0 = Debug|Any CPU
		{CB13D878-99EB-4820-B4ED-842DAE9BA05B}.Release|Any CPU.ActiveCfg = Release|Any CPU
		{CB13D878-99EB-4820-B4ED-842DAE9BA05B}.Release|Any CPU.Build.0 = Release|Any CPU
		{EB2590AD-9A1D-42FF-98E7-EF1E86A99076}.Debug|Any CPU.ActiveCfg = Debug|Any CPU
		{EB2590AD-9A1D-42FF-98E7-EF1E86A99076}.Debug|Any CPU.Build.0 = Debug|Any CPU
		{EB2590AD-9A1D-42FF-98E7-EF1E86A99076}.Release|Any CPU.ActiveCfg = Release|Any CPU
		{EB2590AD-9A1D-42FF-98E7-EF1E86A99076}.Release|Any CPU.Build.0 = Release|Any CPU
		{3ADF922E-1D79-4562-91CE-3DD4C589D312}.Debug|Any CPU.ActiveCfg = Debug|Any CPU
		{3ADF922E-1D79-4562-91CE-3DD4C589D312}.Debug|Any CPU.Build.0 = Debug|Any CPU
		{3ADF922E-1D79-4562-91CE-3DD4C589D312}.Release|Any CPU.ActiveCfg = Release|Any CPU
		{3ADF922E-1D79-4562-91CE-3DD4C589D312}.Release|Any CPU.Build.0 = Release|Any CPU
		{03B45556-0516-4217-A68A-2CB6A86FE17E}.Debug|Any CPU.ActiveCfg = Debug|Any CPU
		{03B45556-0516-4217-A68A-2CB6A86FE17E}.Debug|Any CPU.Build.0 = Debug|Any CPU
		{03B45556-0516-4217-A68A-2CB6A86FE17E}.Release|Any CPU.ActiveCfg = Release|Any CPU
		{03B45556-0516-4217-A68A-2CB6A86FE17E}.Release|Any CPU.Build.0 = Release|Any CPU
		{929B8574-A336-4DBF-B2B7-FFEB30261BC4}.Debug|Any CPU.ActiveCfg = Debug|Any CPU
		{929B8574-A336-4DBF-B2B7-FFEB30261BC4}.Debug|Any CPU.Build.0 = Debug|Any CPU
		{929B8574-A336-4DBF-B2B7-FFEB30261BC4}.Release|Any CPU.ActiveCfg = Release|Any CPU
		{929B8574-A336-4DBF-B2B7-FFEB30261BC4}.Release|Any CPU.Build.0 = Release|Any CPU
		{BCCCBA54-D0B8-414D-AE55-EB74C1D6C1AB}.Debug|Any CPU.ActiveCfg = Debug|Any CPU
		{BCCCBA54-D0B8-414D-AE55-EB74C1D6C1AB}.Debug|Any CPU.Build.0 = Debug|Any CPU
		{BCCCBA54-D0B8-414D-AE55-EB74C1D6C1AB}.Release|Any CPU.ActiveCfg = Release|Any CPU
		{BCCCBA54-D0B8-414D-AE55-EB74C1D6C1AB}.Release|Any CPU.Build.0 = Release|Any CPU
		{0CFA66CC-0012-4ADF-B70E-CA9BF48DC538}.Debug|Any CPU.ActiveCfg = Debug|Any CPU
		{0CFA66CC-0012-4ADF-B70E-CA9BF48DC538}.Debug|Any CPU.Build.0 = Debug|Any CPU
		{0CFA66CC-0012-4ADF-B70E-CA9BF48DC538}.Release|Any CPU.ActiveCfg = Release|Any CPU
		{0CFA66CC-0012-4ADF-B70E-CA9BF48DC538}.Release|Any CPU.Build.0 = Release|Any CPU
		{16B24716-225F-4A94-B045-E7EA1C4F3970}.Debug|Any CPU.ActiveCfg = Debug|Any CPU
		{16B24716-225F-4A94-B045-E7EA1C4F3970}.Debug|Any CPU.Build.0 = Debug|Any CPU
		{16B24716-225F-4A94-B045-E7EA1C4F3970}.Release|Any CPU.ActiveCfg = Release|Any CPU
		{16B24716-225F-4A94-B045-E7EA1C4F3970}.Release|Any CPU.Build.0 = Release|Any CPU
		{E3C8E522-BEBA-4C8A-BB39-7105B17388FD}.Debug|Any CPU.ActiveCfg = Debug|Any CPU
		{E3C8E522-BEBA-4C8A-BB39-7105B17388FD}.Debug|Any CPU.Build.0 = Debug|Any CPU
		{E3C8E522-BEBA-4C8A-BB39-7105B17388FD}.Release|Any CPU.ActiveCfg = Release|Any CPU
		{E3C8E522-BEBA-4C8A-BB39-7105B17388FD}.Release|Any CPU.Build.0 = Release|Any CPU
		{1960AFC9-6E1F-4BF5-8DC6-04A538BBC3C1}.Debug|Any CPU.ActiveCfg = Debug|Any CPU
		{1960AFC9-6E1F-4BF5-8DC6-04A538BBC3C1}.Debug|Any CPU.Build.0 = Debug|Any CPU
		{1960AFC9-6E1F-4BF5-8DC6-04A538BBC3C1}.Release|Any CPU.ActiveCfg = Release|Any CPU
		{1960AFC9-6E1F-4BF5-8DC6-04A538BBC3C1}.Release|Any CPU.Build.0 = Release|Any CPU
		{59C457EF-8C25-4597-B3BF-67EE4A44B640}.Debug|Any CPU.ActiveCfg = Debug|Any CPU
		{59C457EF-8C25-4597-B3BF-67EE4A44B640}.Debug|Any CPU.Build.0 = Debug|Any CPU
		{59C457EF-8C25-4597-B3BF-67EE4A44B640}.Release|Any CPU.ActiveCfg = Release|Any CPU
		{59C457EF-8C25-4597-B3BF-67EE4A44B640}.Release|Any CPU.Build.0 = Release|Any CPU
		{94E5A51C-DFBE-425D-9C71-CB2DA82385E0}.Debug|Any CPU.ActiveCfg = Debug|Any CPU
		{94E5A51C-DFBE-425D-9C71-CB2DA82385E0}.Debug|Any CPU.Build.0 = Debug|Any CPU
		{94E5A51C-DFBE-425D-9C71-CB2DA82385E0}.Release|Any CPU.ActiveCfg = Release|Any CPU
		{94E5A51C-DFBE-425D-9C71-CB2DA82385E0}.Release|Any CPU.Build.0 = Release|Any CPU
		{FAE5A250-6C2E-472B-BADD-EA0A33D92F10}.Debug|Any CPU.ActiveCfg = Debug|Any CPU
		{FAE5A250-6C2E-472B-BADD-EA0A33D92F10}.Debug|Any CPU.Build.0 = Debug|Any CPU
		{FAE5A250-6C2E-472B-BADD-EA0A33D92F10}.Release|Any CPU.ActiveCfg = Release|Any CPU
		{FAE5A250-6C2E-472B-BADD-EA0A33D92F10}.Release|Any CPU.Build.0 = Release|Any CPU
		{B8F38634-C745-4255-9761-DD80B03FDEBD}.Debug|Any CPU.ActiveCfg = Debug|Any CPU
		{B8F38634-C745-4255-9761-DD80B03FDEBD}.Debug|Any CPU.Build.0 = Debug|Any CPU
		{B8F38634-C745-4255-9761-DD80B03FDEBD}.Release|Any CPU.ActiveCfg = Release|Any CPU
		{B8F38634-C745-4255-9761-DD80B03FDEBD}.Release|Any CPU.Build.0 = Release|Any CPU
		{A0B57E68-7131-4395-862F-5C44D6C6C0CE}.Debug|Any CPU.ActiveCfg = Debug|Any CPU
		{A0B57E68-7131-4395-862F-5C44D6C6C0CE}.Debug|Any CPU.Build.0 = Debug|Any CPU
		{A0B57E68-7131-4395-862F-5C44D6C6C0CE}.Release|Any CPU.ActiveCfg = Release|Any CPU
		{A0B57E68-7131-4395-862F-5C44D6C6C0CE}.Release|Any CPU.Build.0 = Release|Any CPU
		{0931ACA9-EEC3-48C3-AC97-F6D18F13CF60}.Debug|Any CPU.ActiveCfg = Debug|Any CPU
		{0931ACA9-EEC3-48C3-AC97-F6D18F13CF60}.Debug|Any CPU.Build.0 = Debug|Any CPU
		{0931ACA9-EEC3-48C3-AC97-F6D18F13CF60}.Release|Any CPU.ActiveCfg = Release|Any CPU
		{0931ACA9-EEC3-48C3-AC97-F6D18F13CF60}.Release|Any CPU.Build.0 = Release|Any CPU
		{0E99BBAA-2EC8-4C55-9737-6A77C6B7AF87}.Debug|Any CPU.ActiveCfg = Debug|Any CPU
		{0E99BBAA-2EC8-4C55-9737-6A77C6B7AF87}.Debug|Any CPU.Build.0 = Debug|Any CPU
		{0E99BBAA-2EC8-4C55-9737-6A77C6B7AF87}.Release|Any CPU.ActiveCfg = Release|Any CPU
		{0E99BBAA-2EC8-4C55-9737-6A77C6B7AF87}.Release|Any CPU.Build.0 = Release|Any CPU
		{B905C67E-7AF7-4346-9F0D-C3024F3EBB0C}.Debug|Any CPU.ActiveCfg = Debug|Any CPU
		{B905C67E-7AF7-4346-9F0D-C3024F3EBB0C}.Debug|Any CPU.Build.0 = Debug|Any CPU
		{B905C67E-7AF7-4346-9F0D-C3024F3EBB0C}.Release|Any CPU.ActiveCfg = Release|Any CPU
		{B905C67E-7AF7-4346-9F0D-C3024F3EBB0C}.Release|Any CPU.Build.0 = Release|Any CPU
		{894BA386-7DBB-480A-8329-C15809925C7D}.Debug|Any CPU.ActiveCfg = Debug|Any CPU
		{894BA386-7DBB-480A-8329-C15809925C7D}.Debug|Any CPU.Build.0 = Debug|Any CPU
		{894BA386-7DBB-480A-8329-C15809925C7D}.Release|Any CPU.ActiveCfg = Release|Any CPU
		{894BA386-7DBB-480A-8329-C15809925C7D}.Release|Any CPU.Build.0 = Release|Any CPU
		{BFE29067-F997-47F1-8BC9-E8A4936C6D06}.Debug|Any CPU.ActiveCfg = Debug|Any CPU
		{BFE29067-F997-47F1-8BC9-E8A4936C6D06}.Debug|Any CPU.Build.0 = Debug|Any CPU
		{BFE29067-F997-47F1-8BC9-E8A4936C6D06}.Release|Any CPU.ActiveCfg = Release|Any CPU
		{BFE29067-F997-47F1-8BC9-E8A4936C6D06}.Release|Any CPU.Build.0 = Release|Any CPU
	EndGlobalSection
	GlobalSection(SolutionProperties) = preSolution
		HideSolutionNode = FALSE
	EndGlobalSection
	GlobalSection(ExtensibilityGlobals) = postSolution
		SolutionGuid = {B303B23F-BB25-423F-937F-C6E6848007D2}
	EndGlobalSection
EndGlobal
